// !$*UTF8*$!
{
	archiveVersion = 1;
	classes = {
	};
	objectVersion = 50;
	objects = {

/* Begin PBXBuildFile section */
		F46085CB24CE123D00A42800 /* AppDelegate.swift in Sources */ = {isa = PBXBuildFile; fileRef = F46085CA24CE123D00A42800 /* AppDelegate.swift */; };
		F46085CD24CE123D00A42800 /* SceneDelegate.swift in Sources */ = {isa = PBXBuildFile; fileRef = F46085CC24CE123D00A42800 /* SceneDelegate.swift */; };
		F46085CF24CE123D00A42800 /* ViewController.swift in Sources */ = {isa = PBXBuildFile; fileRef = F46085CE24CE123D00A42800 /* ViewController.swift */; };
		F46085D224CE123D00A42800 /* Main.storyboard in Resources */ = {isa = PBXBuildFile; fileRef = F46085D024CE123D00A42800 /* Main.storyboard */; };
		F46085D424CE123F00A42800 /* Assets.xcassets in Resources */ = {isa = PBXBuildFile; fileRef = F46085D324CE123F00A42800 /* Assets.xcassets */; };
		F46085D724CE123F00A42800 /* LaunchScreen.storyboard in Resources */ = {isa = PBXBuildFile; fileRef = F46085D524CE123F00A42800 /* LaunchScreen.storyboard */; };
/* End PBXBuildFile section */

/* Begin PBXFileReference section */
		F46085C724CE123D00A42800 /* ToneDeafDeafinitionsApp.app */ = {isa = PBXFileReference; explicitFileType = wrapper.application; includeInIndex = 0; path = ToneDeafDeafinitionsApp.app; sourceTree = BUILT_PRODUCTS_DIR; };
		F46085CA24CE123D00A42800 /* AppDelegate.swift */ = {isa = PBXFileReference; lastKnownFileType = sourcecode.swift; path = AppDelegate.swift; sourceTree = "<group>"; };
		F46085CC24CE123D00A42800 /* SceneDelegate.swift */ = {isa = PBXFileReference; lastKnownFileType = sourcecode.swift; path = SceneDelegate.swift; sourceTree = "<group>"; };
		F46085CE24CE123D00A42800 /* ViewController.swift */ = {isa = PBXFileReference; lastKnownFileType = sourcecode.swift; path = ViewController.swift; sourceTree = "<group>"; };
		F46085D124CE123D00A42800 /* Base */ = {isa = PBXFileReference; lastKnownFileType = file.storyboard; name = Base; path = Base.lproj/Main.storyboard; sourceTree = "<group>"; };
		F46085D324CE123F00A42800 /* Assets.xcassets */ = {isa = PBXFileReference; lastKnownFileType = folder.assetcatalog; path = Assets.xcassets; sourceTree = "<group>"; };
		F46085D624CE123F00A42800 /* Base */ = {isa = PBXFileReference; lastKnownFileType = file.storyboard; name = Base; path = Base.lproj/LaunchScreen.storyboard; sourceTree = "<group>"; };
		F46085D824CE123F00A42800 /* Info.plist */ = {isa = PBXFileReference; lastKnownFileType = text.plist.xml; path = Info.plist; sourceTree = "<group>"; };
/* End PBXFileReference section */

/* Begin PBXFrameworksBuildPhase section */
		F46085C424CE123C00A42800 /* Frameworks */ = {
			isa = PBXFrameworksBuildPhase;
			buildActionMask = 2147483647;
			files = (
			);
			runOnlyForDeploymentPostprocessing = 0;
		};
/* End PBXFrameworksBuildPhase section */

/* Begin PBXGroup section */
		F46085BE24CE123C00A42800 = {
			isa = PBXGroup;
			children = (
				F46085C924CE123D00A42800 /* ToneDeafDeafinitionsApp */,
				F46085C824CE123D00A42800 /* Products */,
			);
			sourceTree = "<group>";
		};
		F46085C824CE123D00A42800 /* Products */ = {
			isa = PBXGroup;
			children = (
				F46085C724CE123D00A42800 /* ToneDeafDeafinitionsApp.app */,
			);
			name = Products;
			sourceTree = "<group>";
		};
		F46085C924CE123D00A42800 /* ToneDeafDeafinitionsApp */ = {
			isa = PBXGroup;
			children = (
				F46085CA24CE123D00A42800 /* AppDelegate.swift */,
				F46085CC24CE123D00A42800 /* SceneDelegate.swift */,
				F46085CE24CE123D00A42800 /* ViewController.swift */,
				F46085D024CE123D00A42800 /* Main.storyboard */,
				F46085D324CE123F00A42800 /* Assets.xcassets */,
				F46085D524CE123F00A42800 /* LaunchScreen.storyboard */,
				F46085D824CE123F00A42800 /* Info.plist */,
			);
			path = ToneDeafDeafinitionsApp;
			sourceTree = "<group>";
		};
/* End PBXGroup section */

/* Begin PBXNativeTarget section */
		F46085C624CE123C00A42800 /* ToneDeafDeafinitionsApp */ = {
			isa = PBXNativeTarget;
			buildConfigurationList = F46085DB24CE123F00A42800 /* Build configuration list for PBXNativeTarget "ToneDeafDeafinitionsApp" */;
			buildPhases = (
				F46085C324CE123C00A42800 /* Sources */,
				F46085C424CE123C00A42800 /* Frameworks */,
				F46085C524CE123C00A42800 /* Resources */,
			);
			buildRules = (
			);
			dependencies = (
			);
			name = ToneDeafDeafinitionsApp;
			productName = ToneDeafDeafinitionsApp;
			productReference = F46085C724CE123D00A42800 /* ToneDeafDeafinitionsApp.app */;
			productType = "com.apple.product-type.application";
		};
/* End PBXNativeTarget section */

/* Begin PBXProject section */
		F46085BF24CE123C00A42800 /* Project object */ = {
			isa = PBXProject;
			attributes = {
				LastSwiftUpdateCheck = 1160;
				LastUpgradeCheck = 1160;
				ORGANIZATIONNAME = "GITEM Solutions";
				TargetAttributes = {
					F46085C624CE123C00A42800 = {
						CreatedOnToolsVersion = 11.6;
					};
				};
			};
			buildConfigurationList = F46085C224CE123C00A42800 /* Build configuration list for PBXProject "ToneDeafDeafinitionsApp" */;
			compatibilityVersion = "Xcode 9.3";
			developmentRegion = en;
			hasScannedForEncodings = 0;
			knownRegions = (
				en,
				Base,
			);
			mainGroup = F46085BE24CE123C00A42800;
			productRefGroup = F46085C824CE123D00A42800 /* Products */;
			projectDirPath = "";
			projectRoot = "";
			targets = (
				F46085C624CE123C00A42800 /* ToneDeafDeafinitionsApp */,
			);
		};
/* End PBXProject section */

/* Begin PBXResourcesBuildPhase section */
		F46085C524CE123C00A42800 /* Resources */ = {
			isa = PBXResourcesBuildPhase;
			buildActionMask = 2147483647;
			files = (
				F46085D724CE123F00A42800 /* LaunchScreen.storyboard in Resources */,
				F46085D424CE123F00A42800 /* Assets.xcassets in Resources */,
				F46085D224CE123D00A42800 /* Main.storyboard in Resources */,
			);
			runOnlyForDeploymentPostprocessing = 0;
		};
/* End PBXResourcesBuildPhase section */

/* Begin PBXSourcesBuildPhase section */
		F46085C324CE123C00A42800 /* Sources */ = {
			isa = PBXSourcesBuildPhase;
			buildActionMask = 2147483647;
			files = (
				F46085CF24CE123D00A42800 /* ViewController.swift in Sources */,
				F46085CB24CE123D00A42800 /* AppDelegate.swift in Sources */,
				F46085CD24CE123D00A42800 /* SceneDelegate.swift in Sources */,
			);
			runOnlyForDeploymentPostprocessing = 0;
		};
/* End PBXSourcesBuildPhase section */

/* Begin PBXVariantGroup section */
		F46085D024CE123D00A42800 /* Main.storyboard */ = {
			isa = PBXVariantGroup;
			children = (
				F46085D124CE123D00A42800 /* Base */,
			);
			name = Main.storyboard;
			sourceTree = "<group>";
		};
		F46085D524CE123F00A42800 /* LaunchScreen.storyboard */ = {
			isa = PBXVariantGroup;
			children = (
				F46085D624CE123F00A42800 /* Base */,
			);
			name = LaunchScreen.storyboard;
			sourceTree = "<group>";
		};
/* End PBXVariantGroup section */

/* Begin XCBuildConfiguration section */
		F46085D924CE123F00A42800 /* Debug */ = {
			isa = XCBuildConfiguration;
			buildSettings = {
				ALWAYS_SEARCH_USER_PATHS = NO;
				CLANG_ANALYZER_NONNULL = YES;
				CLANG_ANALYZER_NUMBER_OBJECT_CONVERSION = YES_AGGRESSIVE;
				CLANG_CXX_LANGUAGE_STANDARD = "gnu++14";
				CLANG_CXX_LIBRARY = "libc++";
				CLANG_ENABLE_MODULES = YES;
				CLANG_ENABLE_OBJC_ARC = YES;
				CLANG_ENABLE_OBJC_WEAK = YES;
				CLANG_WARN_BLOCK_CAPTURE_AUTORELEASING = YES;
				CLANG_WARN_BOOL_CONVERSION = YES;
				CLANG_WARN_COMMA = YES;
				CLANG_WARN_CONSTANT_CONVERSION = YES;
				CLANG_WARN_DEPRECATED_OBJC_IMPLEMENTATIONS = YES;
				CLANG_WARN_DIRECT_OBJC_ISA_USAGE = YES_ERROR;
				CLANG_WARN_DOCUMENTATION_COMMENTS = YES;
				CLANG_WARN_EMPTY_BODY = YES;
				CLANG_WARN_ENUM_CONVERSION = YES;
				CLANG_WARN_INFINITE_RECURSION = YES;
				CLANG_WARN_INT_CONVERSION = YES;
				CLANG_WARN_NON_LITERAL_NULL_CONVERSION = YES;
				CLANG_WARN_OBJC_IMPLICIT_RETAIN_SELF = YES;
				CLANG_WARN_OBJC_LITERAL_CONVERSION = YES;
				CLANG_WARN_OBJC_ROOT_CLASS = YES_ERROR;
				CLANG_WARN_RANGE_LOOP_ANALYSIS = YES;
				CLANG_WARN_STRICT_PROTOTYPES = YES;
				CLANG_WARN_SUSPICIOUS_MOVE = YES;
				CLANG_WARN_UNGUARDED_AVAILABILITY = YES_AGGRESSIVE;
				CLANG_WARN_UNREACHABLE_CODE = YES;
				CLANG_WARN__DUPLICATE_METHOD_MATCH = YES;
				COPY_PHASE_STRIP = NO;
				DEBUG_INFORMATION_FORMAT = dwarf;
				ENABLE_STRICT_OBJC_MSGSEND = YES;
				ENABLE_TESTABILITY = YES;
				GCC_C_LANGUAGE_STANDARD = gnu11;
				GCC_DYNAMIC_NO_PIC = NO;
				GCC_NO_COMMON_BLOCKS = YES;
				GCC_OPTIMIZATION_LEVEL = 0;
				GCC_PREPROCESSOR_DEFINITIONS = (
					"DEBUG=1",
					"$(inherited)",
				);
				GCC_WARN_64_TO_32_BIT_CONVERSION = YES;
				GCC_WARN_ABOUT_RETURN_TYPE = YES_ERROR;
				GCC_WARN_UNDECLARED_SELECTOR = YES;
				GCC_WARN_UNINITIALIZED_AUTOS = YES_AGGRESSIVE;
				GCC_WARN_UNUSED_FUNCTION = YES;
				GCC_WARN_UNUSED_VARIABLE = YES;
				IPHONEOS_DEPLOYMENT_TARGET = 13.6;
				MTL_ENABLE_DEBUG_INFO = INCLUDE_SOURCE;
				MTL_FAST_MATH = YES;
				ONLY_ACTIVE_ARCH = YES;
				SDKROOT = iphoneos;
				SWIFT_ACTIVE_COMPILATION_CONDITIONS = DEBUG;
				SWIFT_OPTIMIZATION_LEVEL = "-Onone";
			};
			name = Debug;
		};
		F46085DA24CE123F00A42800 /* Release */ = {
			isa = XCBuildConfiguration;
			buildSettings = {
				ALWAYS_SEARCH_USER_PATHS = NO;
				CLANG_ANALYZER_NONNULL = YES;
				CLANG_ANALYZER_NUMBER_OBJECT_CONVERSION = YES_AGGRESSIVE;
				CLANG_CXX_LANGUAGE_STANDARD = "gnu++14";
				CLANG_CXX_LIBRARY = "libc++";
				CLANG_ENABLE_MODULES = YES;
				CLANG_ENABLE_OBJC_ARC = YES;
				CLANG_ENABLE_OBJC_WEAK = YES;
				CLANG_WARN_BLOCK_CAPTURE_AUTORELEASING = YES;
				CLANG_WARN_BOOL_CONVERSION = YES;
				CLANG_WARN_COMMA = YES;
				CLANG_WARN_CONSTANT_CONVERSION = YES;
				CLANG_WARN_DEPRECATED_OBJC_IMPLEMENTATIONS = YES;
				CLANG_WARN_DIRECT_OBJC_ISA_USAGE = YES_ERROR;
				CLANG_WARN_DOCUMENTATION_COMMENTS = YES;
				CLANG_WARN_EMPTY_BODY = YES;
				CLANG_WARN_ENUM_CONVERSION = YES;
				CLANG_WARN_INFINITE_RECURSION = YES;
				CLANG_WARN_INT_CONVERSION = YES;
				CLANG_WARN_NON_LITERAL_NULL_CONVERSION = YES;
				CLANG_WARN_OBJC_IMPLICIT_RETAIN_SELF = YES;
				CLANG_WARN_OBJC_LITERAL_CONVERSION = YES;
				CLANG_WARN_OBJC_ROOT_CLASS = YES_ERROR;
				CLANG_WARN_RANGE_LOOP_ANALYSIS = YES;
				CLANG_WARN_STRICT_PROTOTYPES = YES;
				CLANG_WARN_SUSPICIOUS_MOVE = YES;
				CLANG_WARN_UNGUARDED_AVAILABILITY = YES_AGGRESSIVE;
				CLANG_WARN_UNREACHABLE_CODE = YES;
				CLANG_WARN__DUPLICATE_METHOD_MATCH = YES;
				COPY_PHASE_STRIP = NO;
				DEBUG_INFORMATION_FORMAT = "dwarf-with-dsym";
				ENABLE_NS_ASSERTIONS = NO;
				ENABLE_STRICT_OBJC_MSGSEND = YES;
				GCC_C_LANGUAGE_STANDARD = gnu11;
				GCC_NO_COMMON_BLOCKS = YES;
				GCC_WARN_64_TO_32_BIT_CONVERSION = YES;
				GCC_WARN_ABOUT_RETURN_TYPE = YES_ERROR;
				GCC_WARN_UNDECLARED_SELECTOR = YES;
				GCC_WARN_UNINITIALIZED_AUTOS = YES_AGGRESSIVE;
				GCC_WARN_UNUSED_FUNCTION = YES;
				GCC_WARN_UNUSED_VARIABLE = YES;
				IPHONEOS_DEPLOYMENT_TARGET = 13.6;
				MTL_ENABLE_DEBUG_INFO = NO;
				MTL_FAST_MATH = YES;
				SDKROOT = iphoneos;
				SWIFT_COMPILATION_MODE = wholemodule;
				SWIFT_OPTIMIZATION_LEVEL = "-O";
				VALIDATE_PRODUCT = YES;
			};
			name = Release;
		};
		F46085DC24CE123F00A42800 /* Debug */ = {
			isa = XCBuildConfiguration;
			buildSettings = {
				ASSETCATALOG_COMPILER_APPICON_NAME = AppIcon;
				CODE_SIGN_STYLE = Automatic;
				DEVELOPMENT_TEAM = KP77Z46XWR;
				INFOPLIST_FILE = ToneDeafDeafinitionsApp/Info.plist;
				LD_RUNPATH_SEARCH_PATHS = (
					"$(inherited)",
					"@executable_path/Frameworks",
				);
				PRODUCT_BUNDLE_IDENTIFIER = com.gitemsolutions.ToneDeafDeafinitionsApp;
				PRODUCT_NAME = "$(TARGET_NAME)";
				SWIFT_VERSION = 5.0;
				TARGETED_DEVICE_FAMILY = "1,2";
			};
			name = Debug;
		};
		F46085DD24CE123F00A42800 /* Release */ = {
			isa = XCBuildConfiguration;
			buildSettings = {
				ASSETCATALOG_COMPILER_APPICON_NAME = AppIcon;
				CODE_SIGN_STYLE = Automatic;
				DEVELOPMENT_TEAM = KP77Z46XWR;
				INFOPLIST_FILE = ToneDeafDeafinitionsApp/Info.plist;
				LD_RUNPATH_SEARCH_PATHS = (
					"$(inherited)",
					"@executable_path/Frameworks",
				);
				PRODUCT_BUNDLE_IDENTIFIER = com.gitemsolutions.ToneDeafDeafinitionsApp;
				PRODUCT_NAME = "$(TARGET_NAME)";
				SWIFT_VERSION = 5.0;
				TARGETED_DEVICE_FAMILY = "1,2";
			};
			name = Release;
		};
/* End XCBuildConfiguration section */

/* Begin XCConfigurationList section */
		F46085C224CE123C00A42800 /* Build configuration list for PBXProject "ToneDeafDeafinitionsApp" */ = {
			isa = XCConfigurationList;
			buildConfigurations = (
				F46085D924CE123F00A42800 /* Debug */,
				F46085DA24CE123F00A42800 /* Release */,
			);
			defaultConfigurationIsVisible = 0;
			defaultConfigurationName = Release;
		};
		F46085DB24CE123F00A42800 /* Build configuration list for PBXNativeTarget "ToneDeafDeafinitionsApp" */ = {
			isa = XCConfigurationList;
			buildConfigurations = (
				F46085DC24CE123F00A42800 /* Debug */,
				F46085DD24CE123F00A42800 /* Release */,
			);
			defaultConfigurationIsVisible = 0;
			defaultConfigurationName = Release;
		};
/* End XCConfigurationList section */
	};
	rootObject = F46085BF24CE123C00A42800 /* Project object */;
}
